
Microsoft Visual Studio Solution File, Format Version 12.00
# Visual Studio Version 16
VisualStudioVersion = 16.0.29318.209
MinimumVisualStudioVersion = 10.0.40219.1
Project("{FAE04EC0-301F-11D3-BF4B-00C04F79EFBC}") = "VLSM Calc", "VLSM Calc\VLSM Calc.csproj", "{351CBF14-2912-4230-B6B8-BD8AEB18545A}"
EndProject
Global
	GlobalSection(SolutionConfigurationPlatforms) = preSolution
		Debug|Any CPU = Debug|Any CPU
		Release|Any CPU = Release|Any CPU
	EndGlobalSection
	GlobalSection(ProjectConfigurationPlatforms) = postSolution
		{351CBF14-2912-4230-B6B8-BD8AEB18545A}.Debug|Any CPU.ActiveCfg = Debug|Any CPU
		{351CBF14-2912-4230-B6B8-BD8AEB18545A}.Debug|Any CPU.Build.0 = Debug|Any CPU
		{351CBF14-2912-4230-B6B8-BD8AEB18545A}.Release|Any CPU.ActiveCfg = Release|Any CPU
		{351CBF14-2912-4230-B6B8-BD8AEB18545A}.Release|Any CPU.Build.0 = Release|Any CPU
	EndGlobalSection
	GlobalSection(SolutionProperties) = preSolution
		HideSolutionNode = FALSE
	EndGlobalSection
	GlobalSection(ExtensibilityGlobals) = postSolution
		SolutionGuid = {3371BE2F-1A4A-414D-881B-12D91C782E6F}
	EndGlobalSection
EndGlobal
